
Microsoft Visual Studio Solution File, Format Version 12.00
# Visual Studio Version 17
VisualStudioVersion = 17.13.35931.197 d17.13
MinimumVisualStudioVersion = 10.0.40219.1
Project("{FAE04EC0-301F-11D3-BF4B-00C04F79EFBC}") = "WSConversionUnidades", "WSConversionUnidades\WSConversionUnidades.csproj", "{EA229A8D-4DAC-4620-91BF-89F551BC782D}"
EndProject
Global
	GlobalSection(SolutionConfigurationPlatforms) = preSolution
		Debug|Any CPU = Debug|Any CPU
		Release|Any CPU = Release|Any CPU
	EndGlobalSection
	GlobalSection(ProjectConfigurationPlatforms) = postSolution
		{EA229A8D-4DAC-4620-91BF-89F551BC782D}.Debug|Any CPU.ActiveCfg = Debug|Any CPU
		{EA229A8D-4DAC-4620-91BF-89F551BC782D}.Debug|Any CPU.Build.0 = Debug|Any CPU
		{EA229A8D-4DAC-4620-91BF-89F551BC782D}.Release|Any CPU.ActiveCfg = Release|Any CPU
		{EA229A8D-4DAC-4620-91BF-89F551BC782D}.Release|Any CPU.Build.0 = Release|Any CPU
	EndGlobalSection
	GlobalSection(SolutionProperties) = preSolution
		HideSolutionNode = FALSE
	EndGlobalSection
	GlobalSection(ExtensibilityGlobals) = postSolution
		SolutionGuid = {7E713917-5460-4154-9692-AC2BAA8BDA7B}
	EndGlobalSection
EndGlobal
