
Microsoft Visual Studio Solution File, Format Version 12.00
# Visual Studio Version 17
VisualStudioVersion = 17.13.35931.197 d17.13
MinimumVisualStudioVersion = 10.0.40219.1
Project("{FAE04EC0-301F-11D3-BF4B-00C04F79EFBC}") = "ClienteConsolaConversion", "ClienteConsolaConversion\ClienteConsolaConversion.csproj", "{58B96D01-81C6-4C6D-8E51-84B1A0156701}"
EndProject
Global
	GlobalSection(SolutionConfigurationPlatforms) = preSolution
		Debug|Any CPU = Debug|Any CPU
		Release|Any CPU = Release|Any CPU
	EndGlobalSection
	GlobalSection(ProjectConfigurationPlatforms) = postSolution
		{58B96D01-81C6-4C6D-8E51-84B1A0156701}.Debug|Any CPU.ActiveCfg = Debug|Any CPU
		{58B96D01-81C6-4C6D-8E51-84B1A0156701}.Debug|Any CPU.Build.0 = Debug|Any CPU
		{58B96D01-81C6-4C6D-8E51-84B1A0156701}.Release|Any CPU.ActiveCfg = Release|Any CPU
		{58B96D01-81C6-4C6D-8E51-84B1A0156701}.Release|Any CPU.Build.0 = Release|Any CPU
	EndGlobalSection
	GlobalSection(SolutionProperties) = preSolution
		HideSolutionNode = FALSE
	EndGlobalSection
	GlobalSection(ExtensibilityGlobals) = postSolution
		SolutionGuid = {8E8FFFA8-74A0-4C94-A281-3F77697A794F}
	EndGlobalSection
EndGlobal
